
Microsoft Visual Studio Solution File, Format Version 12.00
# Visual Studio Version 17
VisualStudioVersion = 17.2.32616.157
MinimumVisualStudioVersion = 10.0.40219.1
Project("{9A19103F-16F7-4668-BE54-9A1E7A4F7556}") = "IndustrialLighting", "IndustrialLighting\IndustrialLighting.csproj", "{417F6448-2539-494E-8644-5AAC0936C1B2}"
EndProject
Project("{9A19103F-16F7-4668-BE54-9A1E7A4F7556}") = "IndustrialLighting.Persistence", "IndustrialLighting.Persistence\IndustrialLighting.Persistence.csproj", "{F7118312-21DA-448E-8B8C-458209DBF4E8}"
EndProject
Project("{FAE04EC0-301F-11D3-BF4B-00C04F79EFBC}") = "IndustrialLighting.Domain", "IndustrialLighting.Domain\IndustrialLighting.Domain.csproj", "{C0FA36A0-5689-4274-B81B-B9E23EECA995}"
EndProject
Global
	GlobalSection(SolutionConfigurationPlatforms) = preSolution
		Debug|Any CPU = Debug|Any CPU
		Release|Any CPU = Release|Any CPU
	EndGlobalSection
	GlobalSection(ProjectConfigurationPlatforms) = postSolution
		{417F6448-2539-494E-8644-5AAC0936C1B2}.Debug|Any CPU.ActiveCfg = Debug|Any CPU
		{417F6448-2539-494E-8644-5AAC0936C1B2}.Debug|Any CPU.Build.0 = Debug|Any CPU
		{417F6448-2539-494E-8644-5AAC0936C1B2}.Release|Any CPU.ActiveCfg = Release|Any CPU
		{417F6448-2539-494E-8644-5AAC0936C1B2}.Release|Any CPU.Build.0 = Release|Any CPU
		{F7118312-21DA-448E-8B8C-458209DBF4E8}.Debug|Any CPU.ActiveCfg = Debug|Any CPU
		{F7118312-21DA-448E-8B8C-458209DBF4E8}.Debug|Any CPU.Build.0 = Debug|Any CPU
		{F7118312-21DA-448E-8B8C-458209DBF4E8}.Release|Any CPU.ActiveCfg = Release|Any CPU
		{F7118312-21DA-448E-8B8C-458209DBF4E8}.Release|Any CPU.Build.0 = Release|Any CPU
		{C0FA36A0-5689-4274-B81B-B9E23EECA995}.Debug|Any CPU.ActiveCfg = Debug|Any CPU
		{C0FA36A0-5689-4274-B81B-B9E23EECA995}.Debug|Any CPU.Build.0 = Debug|Any CPU
		{C0FA36A0-5689-4274-B81B-B9E23EECA995}.Release|Any CPU.ActiveCfg = Release|Any CPU
		{C0FA36A0-5689-4274-B81B-B9E23EECA995}.Release|Any CPU.Build.0 = Release|Any CPU
	EndGlobalSection
	GlobalSection(SolutionProperties) = preSolution
		HideSolutionNode = FALSE
	EndGlobalSection
	GlobalSection(ExtensibilityGlobals) = postSolution
		SolutionGuid = {9249D803-62CC-469A-9883-8542629D0995}
	EndGlobalSection
EndGlobal
